
Microsoft Visual Studio Solution File, Format Version 12.00
# Visual Studio Version 16
VisualStudioVersion = 16.0.30523.141
MinimumVisualStudioVersion = 10.0.40219.1
Project("{9A19103F-16F7-4668-BE54-9A1E7A4F7556}") = "ATMAPI", "WebApplication1\ATMAPI.csproj", "{50C54742-C090-4B43-824F-29596D22CC89}"
EndProject
Global
	GlobalSection(SolutionConfigurationPlatforms) = preSolution
		Debug|Any CPU = Debug|Any CPU
		Release|Any CPU = Release|Any CPU
	EndGlobalSection
	GlobalSection(ProjectConfigurationPlatforms) = postSolution
		{50C54742-C090-4B43-824F-29596D22CC89}.Debug|Any CPU.ActiveCfg = Debug|Any CPU
		{50C54742-C090-4B43-824F-29596D22CC89}.Debug|Any CPU.Build.0 = Debug|Any CPU
		{50C54742-C090-4B43-824F-29596D22CC89}.Release|Any CPU.ActiveCfg = Release|Any CPU
		{50C54742-C090-4B43-824F-29596D22CC89}.Release|Any CPU.Build.0 = Release|Any CPU
	EndGlobalSection
	GlobalSection(SolutionProperties) = preSolution
		HideSolutionNode = FALSE
	EndGlobalSection
	GlobalSection(ExtensibilityGlobals) = postSolution
		SolutionGuid = {D4BD423C-98B1-46DA-8BAC-12838D108A77}
	EndGlobalSection
EndGlobal
